
Microsoft Visual Studio Solution File, Format Version 12.00
# Visual Studio Version 16
VisualStudioVersion = 16.0.30611.23
MinimumVisualStudioVersion = 10.0.40219.1
Project("{8BC9CEB8-8B4A-11D0-8D11-00A0C91BC942}") = "task3_dynMemory", "task3_dynMemory\task3_dynMemory.vcxproj", "{DAC3CA42-FC73-4DF7-8258-3C8AEF51054F}"
EndProject
Global
	GlobalSection(SolutionConfigurationPlatforms) = preSolution
		Debug|x64 = Debug|x64
		Debug|x86 = Debug|x86
		Release|x64 = Release|x64
		Release|x86 = Release|x86
	EndGlobalSection
	GlobalSection(ProjectConfigurationPlatforms) = postSolution
		{DAC3CA42-FC73-4DF7-8258-3C8AEF51054F}.Debug|x64.ActiveCfg = Debug|x64
		{DAC3CA42-FC73-4DF7-8258-3C8AEF51054F}.Debug|x64.Build.0 = Debug|x64
		{DAC3CA42-FC73-4DF7-8258-3C8AEF51054F}.Debug|x86.ActiveCfg = Debug|Win32
		{DAC3CA42-FC73-4DF7-8258-3C8AEF51054F}.Debug|x86.Build.0 = Debug|Win32
		{DAC3CA42-FC73-4DF7-8258-3C8AEF51054F}.Release|x64.ActiveCfg = Release|x64
		{DAC3CA42-FC73-4DF7-8258-3C8AEF51054F}.Release|x64.Build.0 = Release|x64
		{DAC3CA42-FC73-4DF7-8258-3C8AEF51054F}.Release|x86.ActiveCfg = Release|Win32
		{DAC3CA42-FC73-4DF7-8258-3C8AEF51054F}.Release|x86.Build.0 = Release|Win32
	EndGlobalSection
	GlobalSection(SolutionProperties) = preSolution
		HideSolutionNode = FALSE
	EndGlobalSection
	GlobalSection(ExtensibilityGlobals) = postSolution
		SolutionGuid = {72497652-AAC0-4493-96EB-7E2F6B0FB880}
	EndGlobalSection
EndGlobal
